
Microsoft Visual Studio Solution File, Format Version 12.00
# Visual Studio Version 16
VisualStudioVersion = 16.0.31205.134
MinimumVisualStudioVersion = 10.0.40219.1
Project("{FAE04EC0-301F-11D3-BF4B-00C04F79EFBC}") = "FakeCTrip.API", "FakeCTrip.API\FakeCTrip.API.csproj", "{2880DF65-B92E-4382-AA65-77A5671CE243}"
EndProject
Global
	GlobalSection(SolutionConfigurationPlatforms) = preSolution
		Debug|Any CPU = Debug|Any CPU
		Release|Any CPU = Release|Any CPU
	EndGlobalSection
	GlobalSection(ProjectConfigurationPlatforms) = postSolution
		{2880DF65-B92E-4382-AA65-77A5671CE243}.Debug|Any CPU.ActiveCfg = Debug|Any CPU
		{2880DF65-B92E-4382-AA65-77A5671CE243}.Debug|Any CPU.Build.0 = Debug|Any CPU
		{2880DF65-B92E-4382-AA65-77A5671CE243}.Release|Any CPU.ActiveCfg = Release|Any CPU
		{2880DF65-B92E-4382-AA65-77A5671CE243}.Release|Any CPU.Build.0 = Release|Any CPU
	EndGlobalSection
	GlobalSection(SolutionProperties) = preSolution
		HideSolutionNode = FALSE
	EndGlobalSection
	GlobalSection(ExtensibilityGlobals) = postSolution
		SolutionGuid = {E903F120-1F37-41F9-849D-715073F9FF5B}
	EndGlobalSection
EndGlobal
